// !$*UTF8*$!
{
	archiveVersion = 1;
	classes = {
	};
	objectVersion = 52;
	objects = {

/* Begin PBXBuildFile section */
		8D0D53C125EDE15F00810D0C /* Tenki_AppApp.swift in Sources */ = {isa = PBXBuildFile; fileRef = 8D0D53C025EDE15F00810D0C /* Tenki_AppApp.swift */; };
		8D0D53C325EDE15F00810D0C /* ContentView.swift in Sources */ = {isa = PBXBuildFile; fileRef = 8D0D53C225EDE15F00810D0C /* ContentView.swift */; };
		8D0D53C525EDE16100810D0C /* Assets.xcassets in Resources */ = {isa = PBXBuildFile; fileRef = 8D0D53C425EDE16100810D0C /* Assets.xcassets */; };
		8D0D53C825EDE16100810D0C /* Preview Assets.xcassets in Resources */ = {isa = PBXBuildFile; fileRef = 8D0D53C725EDE16100810D0C /* Preview Assets.xcassets */; };
		8D0D53D125EDE20C00810D0C /* APIService.swift in Sources */ = {isa = PBXBuildFile; fileRef = 8D0D53D025EDE20C00810D0C /* APIService.swift */; };
		8D0D53D425EDE25000810D0C /* Forecast.swift in Sources */ = {isa = PBXBuildFile; fileRef = 8D0D53D325EDE25000810D0C /* Forecast.swift */; };
		8DCBA2B825EE123C00EE5AA1 /* ForecastViewModel.swift in Sources */ = {isa = PBXBuildFile; fileRef = 8DCBA2B725EE123C00EE5AA1 /* ForecastViewModel.swift */; };
		8DCBA2BB25EE19C600EE5AA1 /* ForecastListViewModel.swift in Sources */ = {isa = PBXBuildFile; fileRef = 8DCBA2BA25EE19C600EE5AA1 /* ForecastListViewModel.swift */; };
		8DCBA2C125EE380800EE5AA1 /* SDWebImageSwiftUI in Frameworks */ = {isa = PBXBuildFile; productRef = 8DCBA2C025EE380800EE5AA1 /* SDWebImageSwiftUI */; };
/* End PBXBuildFile section */

/* Begin PBXFileReference section */
		8D0D53BD25EDE15F00810D0C /* Tenki App.app */ = {isa = PBXFileReference; explicitFileType = wrapper.application; includeInIndex = 0; path = "Tenki App.app"; sourceTree = BUILT_PRODUCTS_DIR; };
		8D0D53C025EDE15F00810D0C /* Tenki_AppApp.swift */ = {isa = PBXFileReference; lastKnownFileType = sourcecode.swift; path = Tenki_AppApp.swift; sourceTree = "<group>"; };
		8D0D53C225EDE15F00810D0C /* ContentView.swift */ = {isa = PBXFileReference; lastKnownFileType = sourcecode.swift; path = ContentView.swift; sourceTree = "<group>"; };
		8D0D53C425EDE16100810D0C /* Assets.xcassets */ = {isa = PBXFileReference; lastKnownFileType = folder.assetcatalog; path = Assets.xcassets; sourceTree = "<group>"; };
		8D0D53C725EDE16100810D0C /* Preview Assets.xcassets */ = {isa = PBXFileReference; lastKnownFileType = folder.assetcatalog; path = "Preview Assets.xcassets"; sourceTree = "<group>"; };
		8D0D53C925EDE16100810D0C /* Info.plist */ = {isa = PBXFileReference; lastKnownFileType = text.plist.xml; path = Info.plist; sourceTree = "<group>"; };
		8D0D53D025EDE20C00810D0C /* APIService.swift */ = {isa = PBXFileReference; fileEncoding = 4; lastKnownFileType = sourcecode.swift; path = APIService.swift; sourceTree = "<group>"; };
		8D0D53D325EDE25000810D0C /* Forecast.swift */ = {isa = PBXFileReference; lastKnownFileType = sourcecode.swift; path = Forecast.swift; sourceTree = "<group>"; };
		8DCBA2B725EE123C00EE5AA1 /* ForecastViewModel.swift */ = {isa = PBXFileReference; lastKnownFileType = sourcecode.swift; path = ForecastViewModel.swift; sourceTree = "<group>"; };
		8DCBA2BA25EE19C600EE5AA1 /* ForecastListViewModel.swift */ = {isa = PBXFileReference; lastKnownFileType = sourcecode.swift; path = ForecastListViewModel.swift; sourceTree = "<group>"; };
/* End PBXFileReference section */

/* Begin PBXFrameworksBuildPhase section */
		8D0D53BA25EDE15F00810D0C /* Frameworks */ = {
			isa = PBXFrameworksBuildPhase;
			buildActionMask = 2147483647;
			files = (
				8DCBA2C125EE380800EE5AA1 /* SDWebImageSwiftUI in Frameworks */,
			);
			runOnlyForDeploymentPostprocessing = 0;
		};
/* End PBXFrameworksBuildPhase section */

/* Begin PBXGroup section */
		8D0D53B425EDE15F00810D0C = {
			isa = PBXGroup;
			children = (
				8D0D53BF25EDE15F00810D0C /* Tenki App */,
				8D0D53BE25EDE15F00810D0C /* Products */,
			);
			sourceTree = "<group>";
		};
		8D0D53BE25EDE15F00810D0C /* Products */ = {
			isa = PBXGroup;
			children = (
				8D0D53BD25EDE15F00810D0C /* Tenki App.app */,
			);
			name = Products;
			sourceTree = "<group>";
		};
		8D0D53BF25EDE15F00810D0C /* Tenki App */ = {
			isa = PBXGroup;
			children = (
				8D0D53C025EDE15F00810D0C /* Tenki_AppApp.swift */,
				8D0D53C225EDE15F00810D0C /* ContentView.swift */,
				8DCBA2B725EE123C00EE5AA1 /* ForecastViewModel.swift */,
				8DCBA2BA25EE19C600EE5AA1 /* ForecastListViewModel.swift */,
				8D0D53D325EDE25000810D0C /* Forecast.swift */,
				8D0D53C425EDE16100810D0C /* Assets.xcassets */,
				8D0D53C925EDE16100810D0C /* Info.plist */,
				8D0D53D025EDE20C00810D0C /* APIService.swift */,
				8D0D53C625EDE16100810D0C /* Preview Content */,
			);
			path = "Tenki App";
			sourceTree = "<group>";
		};
		8D0D53C625EDE16100810D0C /* Preview Content */ = {
			isa = PBXGroup;
			children = (
				8D0D53C725EDE16100810D0C /* Preview Assets.xcassets */,
			);
			path = "Preview Content";
			sourceTree = "<group>";
		};
/* End PBXGroup section */

/* Begin PBXNativeTarget section */
		8D0D53BC25EDE15F00810D0C /* Tenki App */ = {
			isa = PBXNativeTarget;
			buildConfigurationList = 8D0D53CC25EDE16100810D0C /* Build configuration list for PBXNativeTarget "Tenki App" */;
			buildPhases = (
				8D0D53B925EDE15F00810D0C /* Sources */,
				8D0D53BA25EDE15F00810D0C /* Frameworks */,
				8D0D53BB25EDE15F00810D0C /* Resources */,
			);
			buildRules = (
			);
			dependencies = (
			);
			name = "Tenki App";
			packageProductDependencies = (
				8DCBA2C025EE380800EE5AA1 /* SDWebImageSwiftUI */,
			);
			productName = "Tenki App";
			productReference = 8D0D53BD25EDE15F00810D0C /* Tenki App.app */;
			productType = "com.apple.product-type.application";
		};
/* End PBXNativeTarget section */

/* Begin PBXProject section */
		8D0D53B525EDE15F00810D0C /* Project object */ = {
			isa = PBXProject;
			attributes = {
				LastSwiftUpdateCheck = 1220;
				LastUpgradeCheck = 1220;
				TargetAttributes = {
					8D0D53BC25EDE15F00810D0C = {
						CreatedOnToolsVersion = 12.2;
					};
				};
			};
			buildConfigurationList = 8D0D53B825EDE15F00810D0C /* Build configuration list for PBXProject "Tenki App" */;
			compatibilityVersion = "Xcode 9.3";
			developmentRegion = en;
			hasScannedForEncodings = 0;
			knownRegions = (
				en,
				Base,
			);
			mainGroup = 8D0D53B425EDE15F00810D0C;
			packageReferences = (
				8DCBA2BF25EE380800EE5AA1 /* XCRemoteSwiftPackageReference "SDWebImageSwiftUI" */,
			);
			productRefGroup = 8D0D53BE25EDE15F00810D0C /* Products */;
			projectDirPath = "";
			projectRoot = "";
			targets = (
				8D0D53BC25EDE15F00810D0C /* Tenki App */,
			);
		};
/* End PBXProject section */

/* Begin PBXResourcesBuildPhase section */
		8D0D53BB25EDE15F00810D0C /* Resources */ = {
			isa = PBXResourcesBuildPhase;
			buildActionMask = 2147483647;
			files = (
				8D0D53C825EDE16100810D0C /* Preview Assets.xcassets in Resources */,
				8D0D53C525EDE16100810D0C /* Assets.xcassets in Resources */,
			);
			runOnlyForDeploymentPostprocessing = 0;
		};
/* End PBXResourcesBuildPhase section */

/* Begin PBXSourcesBuildPhase section */
		8D0D53B925EDE15F00810D0C /* Sources */ = {
			isa = PBXSourcesBuildPhase;
			buildActionMask = 2147483647;
			files = (
				8D0D53D425EDE25000810D0C /* Forecast.swift in Sources */,
				8D0D53C325EDE15F00810D0C /* ContentView.swift in Sources */,
				8D0D53D125EDE20C00810D0C /* APIService.swift in Sources */,
				8D0D53C125EDE15F00810D0C /* Tenki_AppApp.swift in Sources */,
				8DCBA2B825EE123C00EE5AA1 /* ForecastViewModel.swift in Sources */,
				8DCBA2BB25EE19C600EE5AA1 /* ForecastListViewModel.swift in Sources */,
			);
			runOnlyForDeploymentPostprocessing = 0;
		};
/* End PBXSourcesBuildPhase section */

/* Begin XCBuildConfiguration section */
		8D0D53CA25EDE16100810D0C /* Debug */ = {
			isa = XCBuildConfiguration;
			buildSettings = {
				ALWAYS_SEARCH_USER_PATHS = NO;
				CLANG_ANALYZER_NONNULL = YES;
				CLANG_ANALYZER_NUMBER_OBJECT_CONVERSION = YES_AGGRESSIVE;
				CLANG_CXX_LANGUAGE_STANDARD = "gnu++14";
				CLANG_CXX_LIBRARY = "libc++";
				CLANG_ENABLE_MODULES = YES;
				CLANG_ENABLE_OBJC_ARC = YES;
				CLANG_ENABLE_OBJC_WEAK = YES;
				CLANG_WARN_BLOCK_CAPTURE_AUTORELEASING = YES;
				CLANG_WARN_BOOL_CONVERSION = YES;
				CLANG_WARN_COMMA = YES;
				CLANG_WARN_CONSTANT_CONVERSION = YES;
				CLANG_WARN_DEPRECATED_OBJC_IMPLEMENTATIONS = YES;
				CLANG_WARN_DIRECT_OBJC_ISA_USAGE = YES_ERROR;
				CLANG_WARN_DOCUMENTATION_COMMENTS = YES;
				CLANG_WARN_EMPTY_BODY = YES;
				CLANG_WARN_ENUM_CONVERSION = YES;
				CLANG_WARN_INFINITE_RECURSION = YES;
				CLANG_WARN_INT_CONVERSION = YES;
				CLANG_WARN_NON_LITERAL_NULL_CONVERSION = YES;
				CLANG_WARN_OBJC_IMPLICIT_RETAIN_SELF = YES;
				CLANG_WARN_OBJC_LITERAL_CONVERSION = YES;
				CLANG_WARN_OBJC_ROOT_CLASS = YES_ERROR;
				CLANG_WARN_QUOTED_INCLUDE_IN_FRAMEWORK_HEADER = YES;
				CLANG_WARN_RANGE_LOOP_ANALYSIS = YES;
				CLANG_WARN_STRICT_PROTOTYPES = YES;
				CLANG_WARN_SUSPICIOUS_MOVE = YES;
				CLANG_WARN_UNGUARDED_AVAILABILITY = YES_AGGRESSIVE;
				CLANG_WARN_UNREACHABLE_CODE = YES;
				CLANG_WARN__DUPLICATE_METHOD_MATCH = YES;
				COPY_PHASE_STRIP = NO;
				DEBUG_INFORMATION_FORMAT = dwarf;
				ENABLE_STRICT_OBJC_MSGSEND = YES;
				ENABLE_TESTABILITY = YES;
				GCC_C_LANGUAGE_STANDARD = gnu11;
				GCC_DYNAMIC_NO_PIC = NO;
				GCC_NO_COMMON_BLOCKS = YES;
				GCC_OPTIMIZATION_LEVEL = 0;
				GCC_PREPROCESSOR_DEFINITIONS = (
					"DEBUG=1",
					"$(inherited)",
				);
				GCC_WARN_64_TO_32_BIT_CONVERSION = YES;
				GCC_WARN_ABOUT_RETURN_TYPE = YES_ERROR;
				GCC_WARN_UNDECLARED_SELECTOR = YES;
				GCC_WARN_UNINITIALIZED_AUTOS = YES_AGGRESSIVE;
				GCC_WARN_UNUSED_FUNCTION = YES;
				GCC_WARN_UNUSED_VARIABLE = YES;
				IPHONEOS_DEPLOYMENT_TARGET = 14.2;
				MTL_ENABLE_DEBUG_INFO = INCLUDE_SOURCE;
				MTL_FAST_MATH = YES;
				ONLY_ACTIVE_ARCH = YES;
				SDKROOT = iphoneos;
				SWIFT_ACTIVE_COMPILATION_CONDITIONS = DEBUG;
				SWIFT_OPTIMIZATION_LEVEL = "-Onone";
			};
			name = Debug;
		};
		8D0D53CB25EDE16100810D0C /* Release */ = {
			isa = XCBuildConfiguration;
			buildSettings = {
				ALWAYS_SEARCH_USER_PATHS = NO;
				CLANG_ANALYZER_NONNULL = YES;
				CLANG_ANALYZER_NUMBER_OBJECT_CONVERSION = YES_AGGRESSIVE;
				CLANG_CXX_LANGUAGE_STANDARD = "gnu++14";
				CLANG_CXX_LIBRARY = "libc++";
				CLANG_ENABLE_MODULES = YES;
				CLANG_ENABLE_OBJC_ARC = YES;
				CLANG_ENABLE_OBJC_WEAK = YES;
				CLANG_WARN_BLOCK_CAPTURE_AUTORELEASING = YES;
				CLANG_WARN_BOOL_CONVERSION = YES;
				CLANG_WARN_COMMA = YES;
				CLANG_WARN_CONSTANT_CONVERSION = YES;
				CLANG_WARN_DEPRECATED_OBJC_IMPLEMENTATIONS = YES;
				CLANG_WARN_DIRECT_OBJC_ISA_USAGE = YES_ERROR;
				CLANG_WARN_DOCUMENTATION_COMMENTS = YES;
				CLANG_WARN_EMPTY_BODY = YES;
				CLANG_WARN_ENUM_CONVERSION = YES;
				CLANG_WARN_INFINITE_RECURSION = YES;
				CLANG_WARN_INT_CONVERSION = YES;
				CLANG_WARN_NON_LITERAL_NULL_CONVERSION = YES;
				CLANG_WARN_OBJC_IMPLICIT_RETAIN_SELF = YES;
				CLANG_WARN_OBJC_LITERAL_CONVERSION = YES;
				CLANG_WARN_OBJC_ROOT_CLASS = YES_ERROR;
				CLANG_WARN_QUOTED_INCLUDE_IN_FRAMEWORK_HEADER = YES;
				CLANG_WARN_RANGE_LOOP_ANALYSIS = YES;
				CLANG_WARN_STRICT_PROTOTYPES = YES;
				CLANG_WARN_SUSPICIOUS_MOVE = YES;
				CLANG_WARN_UNGUARDED_AVAILABILITY = YES_AGGRESSIVE;
				CLANG_WARN_UNREACHABLE_CODE = YES;
				CLANG_WARN__DUPLICATE_METHOD_MATCH = YES;
				COPY_PHASE_STRIP = NO;
				DEBUG_INFORMATION_FORMAT = "dwarf-with-dsym";
				ENABLE_NS_ASSERTIONS = NO;
				ENABLE_STRICT_OBJC_MSGSEND = YES;
				GCC_C_LANGUAGE_STANDARD = gnu11;
				GCC_NO_COMMON_BLOCKS = YES;
				GCC_WARN_64_TO_32_BIT_CONVERSION = YES;
				GCC_WARN_ABOUT_RETURN_TYPE = YES_ERROR;
				GCC_WARN_UNDECLARED_SELECTOR = YES;
				GCC_WARN_UNINITIALIZED_AUTOS = YES_AGGRESSIVE;
				GCC_WARN_UNUSED_FUNCTION = YES;
				GCC_WARN_UNUSED_VARIABLE = YES;
				IPHONEOS_DEPLOYMENT_TARGET = 14.2;
				MTL_ENABLE_DEBUG_INFO = NO;
				MTL_FAST_MATH = YES;
				SDKROOT = iphoneos;
				SWIFT_COMPILATION_MODE = wholemodule;
				SWIFT_OPTIMIZATION_LEVEL = "-O";
				VALIDATE_PRODUCT = YES;
			};
			name = Release;
		};
		8D0D53CD25EDE16100810D0C /* Debug */ = {
			isa = XCBuildConfiguration;
			buildSettings = {
				ASSETCATALOG_COMPILER_APPICON_NAME = AppIcon;
				ASSETCATALOG_COMPILER_GLOBAL_ACCENT_COLOR_NAME = AccentColor;
				CODE_SIGN_STYLE = Automatic;
				DEVELOPMENT_ASSET_PATHS = "\"Tenki App/Preview Content\"";
				DEVELOPMENT_TEAM = NRX9TBQYUM;
				ENABLE_PREVIEWS = YES;
				INFOPLIST_FILE = "Tenki App/Info.plist";
				IPHONEOS_DEPLOYMENT_TARGET = 14.0;
				LD_RUNPATH_SEARCH_PATHS = (
					"$(inherited)",
					"@executable_path/Frameworks",
				);
				PRODUCT_BUNDLE_IDENTIFIER = "com.ethancr0wn.Tenki-App";
				PRODUCT_NAME = "$(TARGET_NAME)";
				SWIFT_VERSION = 5.0;
				TARGETED_DEVICE_FAMILY = "1,2";
			};
			name = Debug;
		};
		8D0D53CE25EDE16100810D0C /* Release */ = {
			isa = XCBuildConfiguration;
			buildSettings = {
				ASSETCATALOG_COMPILER_APPICON_NAME = AppIcon;
				ASSETCATALOG_COMPILER_GLOBAL_ACCENT_COLOR_NAME = AccentColor;
				CODE_SIGN_STYLE = Automatic;
				DEVELOPMENT_ASSET_PATHS = "\"Tenki App/Preview Content\"";
				DEVELOPMENT_TEAM = NRX9TBQYUM;
				ENABLE_PREVIEWS = YES;
				INFOPLIST_FILE = "Tenki App/Info.plist";
				IPHONEOS_DEPLOYMENT_TARGET = 14.0;
				LD_RUNPATH_SEARCH_PATHS = (
					"$(inherited)",
					"@executable_path/Frameworks",
				);
				PRODUCT_BUNDLE_IDENTIFIER = "com.ethancr0wn.Tenki-App";
				PRODUCT_NAME = "$(TARGET_NAME)";
				SWIFT_VERSION = 5.0;
				TARGETED_DEVICE_FAMILY = "1,2";
			};
			name = Release;
		};
/* End XCBuildConfiguration section */

/* Begin XCConfigurationList section */
		8D0D53B825EDE15F00810D0C /* Build configuration list for PBXProject "Tenki App" */ = {
			isa = XCConfigurationList;
			buildConfigurations = (
				8D0D53CA25EDE16100810D0C /* Debug */,
				8D0D53CB25EDE16100810D0C /* Release */,
			);
			defaultConfigurationIsVisible = 0;
			defaultConfigurationName = Release;
		};
		8D0D53CC25EDE16100810D0C /* Build configuration list for PBXNativeTarget "Tenki App" */ = {
			isa = XCConfigurationList;
			buildConfigurations = (
				8D0D53CD25EDE16100810D0C /* Debug */,
				8D0D53CE25EDE16100810D0C /* Release */,
			);
			defaultConfigurationIsVisible = 0;
			defaultConfigurationName = Release;
		};
/* End XCConfigurationList section */

/* Begin XCRemoteSwiftPackageReference section */
		8DCBA2BF25EE380800EE5AA1 /* XCRemoteSwiftPackageReference "SDWebImageSwiftUI" */ = {
			isa = XCRemoteSwiftPackageReference;
			repositoryURL = "https://github.com/SDWebImage/SDWebImageSwiftUI";
			requirement = {
				kind = upToNextMajorVersion;
				minimumVersion = 2.0.1;
			};
		};
/* End XCRemoteSwiftPackageReference section */

/* Begin XCSwiftPackageProductDependency section */
		8DCBA2C025EE380800EE5AA1 /* SDWebImageSwiftUI */ = {
			isa = XCSwiftPackageProductDependency;
			package = 8DCBA2BF25EE380800EE5AA1 /* XCRemoteSwiftPackageReference "SDWebImageSwiftUI" */;
			productName = SDWebImageSwiftUI;
		};
/* End XCSwiftPackageProductDependency section */
	};
	rootObject = 8D0D53B525EDE15F00810D0C /* Project object */;
}
